Microsoft Visual Studio Solution File, Format Version 12.00
# Visual Studio Version 17
VisualStudioVersion = 17.11.35327.3
MinimumVisualStudioVersion = 10.0.40219.1
Project("{2150E333-8FDC-42A3-9474-1A3956D46DE8}") = "Solution Items", "Solution Items", "{DC091F3C-5E45-492A-B916-545D1D3FD4ED}"
	ProjectSection(SolutionItems) = preProject
		CONTRIBUTORS.md = CONTRIBUTORS.md
		Directory.Build.props = Directory.Build.props
		Directory.Packages.props = Directory.Packages.props
		.github\workflows\dotnet.yml = .github\workflows\dotnet.yml
		LICENSE = LICENSE
		README.md = README.md
		stylecop.json = stylecop.json
	EndProjectSection
EndProject
Project("{FAE04EC0-301F-11D3-BF4B-00C04F79EFBC}") = "DeterministicGuids", "DeterministicGuids\DeterministicGuids.csproj", "{AABDD8FB-2EEC-4A6F-B530-FDF902270FA2}"
EndProject
Project("{FAE04EC0-301F-11D3-BF4B-00C04F79EFBC}") = "DeterministicGuids.Tests", "DeterministicGuids.Tests\DeterministicGuids.Tests.csproj", "{7A64EE20-D7AD-4072-8DA7-66153D161550}"
EndProject
Global
	GlobalSection(SolutionConfigurationPlatforms) = preSolution
		Debug|Any CPU = Debug|Any CPU
		Release|Any CPU = Release|Any CPU
	EndGlobalSection
	GlobalSection(ProjectConfigurationPlatforms) = postSolution
		{AABDD8FB-2EEC-4A6F-B530-FDF902270FA2}.Debug|Any CPU.ActiveCfg = Debug|Any CPU
		{AABDD8FB-2EEC-4A6F-B530-FDF902270FA2}.Debug|Any CPU.Build.0 = Debug|Any CPU
		{AABDD8FB-2EEC-4A6F-B530-FDF902270FA2}.Release|Any CPU.ActiveCfg = Release|Any CPU
		{AABDD8FB-2EEC-4A6F-B530-FDF902270FA2}.Release|Any CPU.Build.0 = Release|Any CPU
		{7A64EE20-D7AD-4072-8DA7-66153D161550}.Debug|Any CPU.ActiveCfg = Debug|Any CPU
		{7A64EE20-D7AD-4072-8DA7-66153D161550}.Debug|Any CPU.Build.0 = Debug|Any CPU
		{7A64EE20-D7AD-4072-8DA7-66153D161550}.Release|Any CPU.ActiveCfg = Release|Any CPU
		{7A64EE20-D7AD-4072-8DA7-66153D161550}.Release|Any CPU.Build.0 = Release|Any CPU
	EndGlobalSection
	GlobalSection(SolutionProperties) = preSolution
		HideSolutionNode = FALSE
	EndGlobalSection
	GlobalSection(ExtensibilityGlobals) = postSolution
		SolutionGuid = {28008BED-BA68-40E4-B3B0-1266A4DB3530}
	EndGlobalSection
EndGlobal
